// !$*UTF8*$!
{
	archiveVersion = 1;
	classes = {
	};
	objectVersion = 52;
	objects = {

/* Begin PBXBuildFile section */
		DD5CA83226439C1000C5962A /* AppDelegate.swift in Sources */ = {isa = PBXBuildFile; fileRef = DD5CA83126439C1000C5962A /* AppDelegate.swift */; };
		DD5CA83426439C1000C5962A /* SceneDelegate.swift in Sources */ = {isa = PBXBuildFile; fileRef = DD5CA83326439C1000C5962A /* SceneDelegate.swift */; };
		DD5CA83626439C1000C5962A /* ViewController.swift in Sources */ = {isa = PBXBuildFile; fileRef = DD5CA83526439C1000C5962A /* ViewController.swift */; };
		DD5CA83926439C1000C5962A /* Main.storyboard in Resources */ = {isa = PBXBuildFile; fileRef = DD5CA83726439C1000C5962A /* Main.storyboard */; };
		DD5CA83B26439C1000C5962A /* Assets.xcassets in Resources */ = {isa = PBXBuildFile; fileRef = DD5CA83A26439C1000C5962A /* Assets.xcassets */; };
		DD5CA83E26439C1000C5962A /* LaunchScreen.storyboard in Resources */ = {isa = PBXBuildFile; fileRef = DD5CA83C26439C1000C5962A /* LaunchScreen.storyboard */; };
		DD5CA84B264408AE00C5962A /* RxSwift in Frameworks */ = {isa = PBXBuildFile; productRef = DD5CA84A264408AE00C5962A /* RxSwift */; };
		DD5CA84D264408AE00C5962A /* RxCocoa in Frameworks */ = {isa = PBXBuildFile; productRef = DD5CA84C264408AE00C5962A /* RxCocoa */; };
/* End PBXBuildFile section */

/* Begin PBXFileReference section */
		DD5CA82E26439C1000C5962A /* RxSwift_week3.app */ = {isa = PBXFileReference; explicitFileType = wrapper.application; includeInIndex = 0; path = RxSwift_week3.app; sourceTree = BUILT_PRODUCTS_DIR; };
		DD5CA83126439C1000C5962A /* AppDelegate.swift */ = {isa = PBXFileReference; lastKnownFileType = sourcecode.swift; path = AppDelegate.swift; sourceTree = "<group>"; };
		DD5CA83326439C1000C5962A /* SceneDelegate.swift */ = {isa = PBXFileReference; lastKnownFileType = sourcecode.swift; path = SceneDelegate.swift; sourceTree = "<group>"; };
		DD5CA83526439C1000C5962A /* ViewController.swift */ = {isa = PBXFileReference; lastKnownFileType = sourcecode.swift; path = ViewController.swift; sourceTree = "<group>"; };
		DD5CA83826439C1000C5962A /* Base */ = {isa = PBXFileReference; lastKnownFileType = file.storyboard; name = Base; path = Base.lproj/Main.storyboard; sourceTree = "<group>"; };
		DD5CA83A26439C1000C5962A /* Assets.xcassets */ = {isa = PBXFileReference; lastKnownFileType = folder.assetcatalog; path = Assets.xcassets; sourceTree = "<group>"; };
		DD5CA83D26439C1000C5962A /* Base */ = {isa = PBXFileReference; lastKnownFileType = file.storyboard; name = Base; path = Base.lproj/LaunchScreen.storyboard; sourceTree = "<group>"; };
		DD5CA83F26439C1000C5962A /* Info.plist */ = {isa = PBXFileReference; lastKnownFileType = text.plist.xml; path = Info.plist; sourceTree = "<group>"; };
/* End PBXFileReference section */

/* Begin PBXFrameworksBuildPhase section */
		DD5CA82B26439C1000C5962A /* Frameworks */ = {
			isa = PBXFrameworksBuildPhase;
			buildActionMask = 2147483647;
			files = (
				DD5CA84D264408AE00C5962A /* RxCocoa in Frameworks */,
				DD5CA84B264408AE00C5962A /* RxSwift in Frameworks */,
			);
			runOnlyForDeploymentPostprocessing = 0;
		};
/* End PBXFrameworksBuildPhase section */

/* Begin PBXGroup section */
		DD5CA82526439C1000C5962A = {
			isa = PBXGroup;
			children = (
				DD5CA83026439C1000C5962A /* RxSwift_week3 */,
				DD5CA82F26439C1000C5962A /* Products */,
			);
			sourceTree = "<group>";
		};
		DD5CA82F26439C1000C5962A /* Products */ = {
			isa = PBXGroup;
			children = (
				DD5CA82E26439C1000C5962A /* RxSwift_week3.app */,
			);
			name = Products;
			sourceTree = "<group>";
		};
		DD5CA83026439C1000C5962A /* RxSwift_week3 */ = {
			isa = PBXGroup;
			children = (
				DD5CA83126439C1000C5962A /* AppDelegate.swift */,
				DD5CA83326439C1000C5962A /* SceneDelegate.swift */,
				DD5CA83526439C1000C5962A /* ViewController.swift */,
				DD5CA83726439C1000C5962A /* Main.storyboard */,
				DD5CA83A26439C1000C5962A /* Assets.xcassets */,
				DD5CA83C26439C1000C5962A /* LaunchScreen.storyboard */,
				DD5CA83F26439C1000C5962A /* Info.plist */,
			);
			path = RxSwift_week3;
			sourceTree = "<group>";
		};
/* End PBXGroup section */

/* Begin PBXNativeTarget section */
		DD5CA82D26439C1000C5962A /* RxSwift_week3 */ = {
			isa = PBXNativeTarget;
			buildConfigurationList = DD5CA84226439C1000C5962A /* Build configuration list for PBXNativeTarget "RxSwift_week3" */;
			buildPhases = (
				DD5CA82A26439C1000C5962A /* Sources */,
				DD5CA82B26439C1000C5962A /* Frameworks */,
				DD5CA82C26439C1000C5962A /* Resources */,
			);
			buildRules = (
			);
			dependencies = (
			);
			name = RxSwift_week3;
			packageProductDependencies = (
				DD5CA84A264408AE00C5962A /* RxSwift */,
				DD5CA84C264408AE00C5962A /* RxCocoa */,
			);
			productName = RxSwift_week3;
			productReference = DD5CA82E26439C1000C5962A /* RxSwift_week3.app */;
			productType = "com.apple.product-type.application";
		};
/* End PBXNativeTarget section */

/* Begin PBXProject section */
		DD5CA82626439C1000C5962A /* Project object */ = {
			isa = PBXProject;
			attributes = {
				LastSwiftUpdateCheck = 1240;
				LastUpgradeCheck = 1240;
				TargetAttributes = {
					DD5CA82D26439C1000C5962A = {
						CreatedOnToolsVersion = 12.4;
					};
				};
			};
			buildConfigurationList = DD5CA82926439C1000C5962A /* Build configuration list for PBXProject "RxSwift_week3" */;
			compatibilityVersion = "Xcode 9.3";
			developmentRegion = en;
			hasScannedForEncodings = 0;
			knownRegions = (
				en,
				Base,
			);
			mainGroup = DD5CA82526439C1000C5962A;
			packageReferences = (
				DD5CA849264408AE00C5962A /* XCRemoteSwiftPackageReference "RxSwift" */,
			);
			productRefGroup = DD5CA82F26439C1000C5962A /* Products */;
			projectDirPath = "";
			projectRoot = "";
			targets = (
				DD5CA82D26439C1000C5962A /* RxSwift_week3 */,
			);
		};
/* End PBXProject section */

/* Begin PBXResourcesBuildPhase section */
		DD5CA82C26439C1000C5962A /* Resources */ = {
			isa = PBXResourcesBuildPhase;
			buildActionMask = 2147483647;
			files = (
				DD5CA83E26439C1000C5962A /* LaunchScreen.storyboard in Resources */,
				DD5CA83B26439C1000C5962A /* Assets.xcassets in Resources */,
				DD5CA83926439C1000C5962A /* Main.storyboard in Resources */,
			);
			runOnlyForDeploymentPostprocessing = 0;
		};
/* End PBXResourcesBuildPhase section */

/* Begin PBXSourcesBuildPhase section */
		DD5CA82A26439C1000C5962A /* Sources */ = {
			isa = PBXSourcesBuildPhase;
			buildActionMask = 2147483647;
			files = (
				DD5CA83626439C1000C5962A /* ViewController.swift in Sources */,
				DD5CA83226439C1000C5962A /* AppDelegate.swift in Sources */,
				DD5CA83426439C1000C5962A /* SceneDelegate.swift in Sources */,
			);
			runOnlyForDeploymentPostprocessing = 0;
		};
/* End PBXSourcesBuildPhase section */

/* Begin PBXVariantGroup section */
		DD5CA83726439C1000C5962A /* Main.storyboard */ = {
			isa = PBXVariantGroup;
			children = (
				DD5CA83826439C1000C5962A /* Base */,
			);
			name = Main.storyboard;
			sourceTree = "<group>";
		};
		DD5CA83C26439C1000C5962A /* LaunchScreen.storyboard */ = {
			isa = PBXVariantGroup;
			children = (
				DD5CA83D26439C1000C5962A /* Base */,
			);
			name = LaunchScreen.storyboard;
			sourceTree = "<group>";
		};
/* End PBXVariantGroup section */

/* Begin XCBuildConfiguration section */
		DD5CA84026439C1000C5962A /* Debug */ = {
			isa = XCBuildConfiguration;
			buildSettings = {
				ALWAYS_SEARCH_USER_PATHS = NO;
				CLANG_ANALYZER_NONNULL = YES;
				CLANG_ANALYZER_NUMBER_OBJECT_CONVERSION = YES_AGGRESSIVE;
				CLANG_CXX_LANGUAGE_STANDARD = "gnu++14";
				CLANG_CXX_LIBRARY = "libc++";
				CLANG_ENABLE_MODULES = YES;
				CLANG_ENABLE_OBJC_ARC = YES;
				CLANG_ENABLE_OBJC_WEAK = YES;
				CLANG_WARN_BLOCK_CAPTURE_AUTORELEASING = YES;
				CLANG_WARN_BOOL_CONVERSION = YES;
				CLANG_WARN_COMMA = YES;
				CLANG_WARN_CONSTANT_CONVERSION = YES;
				CLANG_WARN_DEPRECATED_OBJC_IMPLEMENTATIONS = YES;
				CLANG_WARN_DIRECT_OBJC_ISA_USAGE = YES_ERROR;
				CLANG_WARN_DOCUMENTATION_COMMENTS = YES;
				CLANG_WARN_EMPTY_BODY = YES;
				CLANG_WARN_ENUM_CONVERSION = YES;
				CLANG_WARN_INFINITE_RECURSION = YES;
				CLANG_WARN_INT_CONVERSION = YES;
				CLANG_WARN_NON_LITERAL_NULL_CONVERSION = YES;
				CLANG_WARN_OBJC_IMPLICIT_RETAIN_SELF = YES;
				CLANG_WARN_OBJC_LITERAL_CONVERSION = YES;
				CLANG_WARN_OBJC_ROOT_CLASS = YES_ERROR;
				CLANG_WARN_QUOTED_INCLUDE_IN_FRAMEWORK_HEADER = YES;
				CLANG_WARN_RANGE_LOOP_ANALYSIS = YES;
				CLANG_WARN_STRICT_PROTOTYPES = YES;
				CLANG_WARN_SUSPICIOUS_MOVE = YES;
				CLANG_WARN_UNGUARDED_AVAILABILITY = YES_AGGRESSIVE;
				CLANG_WARN_UNREACHABLE_CODE = YES;
				CLANG_WARN__DUPLICATE_METHOD_MATCH = YES;
				COPY_PHASE_STRIP = NO;
				DEBUG_INFORMATION_FORMAT = dwarf;
				ENABLE_STRICT_OBJC_MSGSEND = YES;
				ENABLE_TESTABILITY = YES;
				GCC_C_LANGUAGE_STANDARD = gnu11;
				GCC_DYNAMIC_NO_PIC = NO;
				GCC_NO_COMMON_BLOCKS = YES;
				GCC_OPTIMIZATION_LEVEL = 0;
				GCC_PREPROCESSOR_DEFINITIONS = (
					"DEBUG=1",
					"$(inherited)",
				);
				GCC_WARN_64_TO_32_BIT_CONVERSION = YES;
				GCC_WARN_ABOUT_RETURN_TYPE = YES_ERROR;
				GCC_WARN_UNDECLARED_SELECTOR = YES;
				GCC_WARN_UNINITIALIZED_AUTOS = YES_AGGRESSIVE;
				GCC_WARN_UNUSED_FUNCTION = YES;
				GCC_WARN_UNUSED_VARIABLE = YES;
				IPHONEOS_DEPLOYMENT_TARGET = 14.4;
				MTL_ENABLE_DEBUG_INFO = INCLUDE_SOURCE;
				MTL_FAST_MATH = YES;
				ONLY_ACTIVE_ARCH = YES;
				SDKROOT = iphoneos;
				SWIFT_ACTIVE_COMPILATION_CONDITIONS = DEBUG;
				SWIFT_OPTIMIZATION_LEVEL = "-Onone";
			};
			name = Debug;
		};
		DD5CA84126439C1000C5962A /* Release */ = {
			isa = XCBuildConfiguration;
			buildSettings = {
				ALWAYS_SEARCH_USER_PATHS = NO;
				CLANG_ANALYZER_NONNULL = YES;
				CLANG_ANALYZER_NUMBER_OBJECT_CONVERSION = YES_AGGRESSIVE;
				CLANG_CXX_LANGUAGE_STANDARD = "gnu++14";
				CLANG_CXX_LIBRARY = "libc++";
				CLANG_ENABLE_MODULES = YES;
				CLANG_ENABLE_OBJC_ARC = YES;
				CLANG_ENABLE_OBJC_WEAK = YES;
				CLANG_WARN_BLOCK_CAPTURE_AUTORELEASING = YES;
				CLANG_WARN_BOOL_CONVERSION = YES;
				CLANG_WARN_COMMA = YES;
				CLANG_WARN_CONSTANT_CONVERSION = YES;
				CLANG_WARN_DEPRECATED_OBJC_IMPLEMENTATIONS = YES;
				CLANG_WARN_DIRECT_OBJC_ISA_USAGE = YES_ERROR;
				CLANG_WARN_DOCUMENTATION_COMMENTS = YES;
				CLANG_WARN_EMPTY_BODY = YES;
				CLANG_WARN_ENUM_CONVERSION = YES;
				CLANG_WARN_INFINITE_RECURSION = YES;
				CLANG_WARN_INT_CONVERSION = YES;
				CLANG_WARN_NON_LITERAL_NULL_CONVERSION = YES;
				CLANG_WARN_OBJC_IMPLICIT_RETAIN_SELF = YES;
				CLANG_WARN_OBJC_LITERAL_CONVERSION = YES;
				CLANG_WARN_OBJC_ROOT_CLASS = YES_ERROR;
				CLANG_WARN_QUOTED_INCLUDE_IN_FRAMEWORK_HEADER = YES;
				CLANG_WARN_RANGE_LOOP_ANALYSIS = YES;
				CLANG_WARN_STRICT_PROTOTYPES = YES;
				CLANG_WARN_SUSPICIOUS_MOVE = YES;
				CLANG_WARN_UNGUARDED_AVAILABILITY = YES_AGGRESSIVE;
				CLANG_WARN_UNREACHABLE_CODE = YES;
				CLANG_WARN__DUPLICATE_METHOD_MATCH = YES;
				COPY_PHASE_STRIP = NO;
				DEBUG_INFORMATION_FORMAT = "dwarf-with-dsym";
				ENABLE_NS_ASSERTIONS = NO;
				ENABLE_STRICT_OBJC_MSGSEND = YES;
				GCC_C_LANGUAGE_STANDARD = gnu11;
				GCC_NO_COMMON_BLOCKS = YES;
				GCC_WARN_64_TO_32_BIT_CONVERSION = YES;
				GCC_WARN_ABOUT_RETURN_TYPE = YES_ERROR;
				GCC_WARN_UNDECLARED_SELECTOR = YES;
				GCC_WARN_UNINITIALIZED_AUTOS = YES_AGGRESSIVE;
				GCC_WARN_UNUSED_FUNCTION = YES;
				GCC_WARN_UNUSED_VARIABLE = YES;
				IPHONEOS_DEPLOYMENT_TARGET = 14.4;
				MTL_ENABLE_DEBUG_INFO = NO;
				MTL_FAST_MATH = YES;
				SDKROOT = iphoneos;
				SWIFT_COMPILATION_MODE = wholemodule;
				SWIFT_OPTIMIZATION_LEVEL = "-O";
				VALIDATE_PRODUCT = YES;
			};
			name = Release;
		};
		DD5CA84326439C1000C5962A /* Debug */ = {
			isa = XCBuildConfiguration;
			buildSettings = {
				ASSETCATALOG_COMPILER_APPICON_NAME = AppIcon;
				ASSETCATALOG_COMPILER_GLOBAL_ACCENT_COLOR_NAME = AccentColor;
				CODE_SIGN_STYLE = Automatic;
				INFOPLIST_FILE = RxSwift_week3/Info.plist;
				LD_RUNPATH_SEARCH_PATHS = (
					"$(inherited)",
					"@executable_path/Frameworks",
				);
				PRODUCT_BUNDLE_IDENTIFIER = "ezidayzi.RxSwift-week3";
				PRODUCT_NAME = "$(TARGET_NAME)";
				SWIFT_VERSION = 5.0;
				TARGETED_DEVICE_FAMILY = "1,2";
			};
			name = Debug;
		};
		DD5CA84426439C1000C5962A /* Release */ = {
			isa = XCBuildConfiguration;
			buildSettings = {
				ASSETCATALOG_COMPILER_APPICON_NAME = AppIcon;
				ASSETCATALOG_COMPILER_GLOBAL_ACCENT_COLOR_NAME = AccentColor;
				CODE_SIGN_STYLE = Automatic;
				INFOPLIST_FILE = RxSwift_week3/Info.plist;
				LD_RUNPATH_SEARCH_PATHS = (
					"$(inherited)",
					"@executable_path/Frameworks",
				);
				PRODUCT_BUNDLE_IDENTIFIER = "ezidayzi.RxSwift-week3";
				PRODUCT_NAME = "$(TARGET_NAME)";
				SWIFT_VERSION = 5.0;
				TARGETED_DEVICE_FAMILY = "1,2";
			};
			name = Release;
		};
/* End XCBuildConfiguration section */

/* Begin XCConfigurationList section */
		DD5CA82926439C1000C5962A /* Build configuration list for PBXProject "RxSwift_week3" */ = {
			isa = XCConfigurationList;
			buildConfigurations = (
				DD5CA84026439C1000C5962A /* Debug */,
				DD5CA84126439C1000C5962A /* Release */,
			);
			defaultConfigurationIsVisible = 0;
			defaultConfigurationName = Release;
		};
		DD5CA84226439C1000C5962A /* Build configuration list for PBXNativeTarget "RxSwift_week3" */ = {
			isa = XCConfigurationList;
			buildConfigurations = (
				DD5CA84326439C1000C5962A /* Debug */,
				DD5CA84426439C1000C5962A /* Release */,
			);
			defaultConfigurationIsVisible = 0;
			defaultConfigurationName = Release;
		};
/* End XCConfigurationList section */

/* Begin XCRemoteSwiftPackageReference section */
		DD5CA849264408AE00C5962A /* XCRemoteSwiftPackageReference "RxSwift" */ = {
			isa = XCRemoteSwiftPackageReference;
			repositoryURL = "https://github.com/ReactiveX/RxSwift";
			requirement = {
				kind = upToNextMajorVersion;
				minimumVersion = 6.1.0;
			};
		};
/* End XCRemoteSwiftPackageReference section */

/* Begin XCSwiftPackageProductDependency section */
		DD5CA84A264408AE00C5962A /* RxSwift */ = {
			isa = XCSwiftPackageProductDependency;
			package = DD5CA849264408AE00C5962A /* XCRemoteSwiftPackageReference "RxSwift" */;
			productName = RxSwift;
		};
		DD5CA84C264408AE00C5962A /* RxCocoa */ = {
			isa = XCSwiftPackageProductDependency;
			package = DD5CA849264408AE00C5962A /* XCRemoteSwiftPackageReference "RxSwift" */;
			productName = RxCocoa;
		};
/* End XCSwiftPackageProductDependency section */
	};
	rootObject = DD5CA82626439C1000C5962A /* Project object */;
}
