// !$*UTF8*$!
{
	archiveVersion = 1;
	classes = {
	};
	objectVersion = 50;
	objects = {

/* Begin PBXBuildFile section */
		CB031206D20CA23887727A15 /* Pods_MVVM_Practice.framework in Frameworks */ = {isa = PBXBuildFile; fileRef = 09F41E86EFF8C3F3DF4FF55E /* Pods_MVVM_Practice.framework */; };
		DD3121392663397200DED97D /* ViewModel.swift in Sources */ = {isa = PBXBuildFile; fileRef = DD3121382663397200DED97D /* ViewModel.swift */; };
		DD31213D2663397A00DED97D /* Model.swift in Sources */ = {isa = PBXBuildFile; fileRef = DD31213C2663397A00DED97D /* Model.swift */; };
		DD31214126633D3100DED97D /* ViewModelType.swift in Sources */ = {isa = PBXBuildFile; fileRef = DD31214026633D3100DED97D /* ViewModelType.swift */; };
		DD6BDAD82660F2410089D059 /* AppDelegate.swift in Sources */ = {isa = PBXBuildFile; fileRef = DD6BDAD72660F2410089D059 /* AppDelegate.swift */; };
		DD6BDADA2660F2410089D059 /* SceneDelegate.swift in Sources */ = {isa = PBXBuildFile; fileRef = DD6BDAD92660F2410089D059 /* SceneDelegate.swift */; };
		DD6BDADC2660F2410089D059 /* ViewController.swift in Sources */ = {isa = PBXBuildFile; fileRef = DD6BDADB2660F2410089D059 /* ViewController.swift */; };
		DD6BDADF2660F2410089D059 /* Main.storyboard in Resources */ = {isa = PBXBuildFile; fileRef = DD6BDADD2660F2410089D059 /* Main.storyboard */; };
		DD6BDAE12660F2410089D059 /* Assets.xcassets in Resources */ = {isa = PBXBuildFile; fileRef = DD6BDAE02660F2410089D059 /* Assets.xcassets */; };
		DD6BDAE42660F2410089D059 /* LaunchScreen.storyboard in Resources */ = {isa = PBXBuildFile; fileRef = DD6BDAE22660F2410089D059 /* LaunchScreen.storyboard */; };
/* End PBXBuildFile section */

/* Begin PBXFileReference section */
		09F41E86EFF8C3F3DF4FF55E /* Pods_MVVM_Practice.framework */ = {isa = PBXFileReference; explicitFileType = wrapper.framework; includeInIndex = 0; path = Pods_MVVM_Practice.framework; sourceTree = BUILT_PRODUCTS_DIR; };
		8F95CEDF5A321044A9FCDB77 /* Pods-MVVM-Practice.debug.xcconfig */ = {isa = PBXFileReference; includeInIndex = 1; lastKnownFileType = text.xcconfig; name = "Pods-MVVM-Practice.debug.xcconfig"; path = "Target Support Files/Pods-MVVM-Practice/Pods-MVVM-Practice.debug.xcconfig"; sourceTree = "<group>"; };
		D5DE7C20460EECE8F8AB06E9 /* Pods-MVVM-Practice.release.xcconfig */ = {isa = PBXFileReference; includeInIndex = 1; lastKnownFileType = text.xcconfig; name = "Pods-MVVM-Practice.release.xcconfig"; path = "Target Support Files/Pods-MVVM-Practice/Pods-MVVM-Practice.release.xcconfig"; sourceTree = "<group>"; };
		DD3121382663397200DED97D /* ViewModel.swift */ = {isa = PBXFileReference; lastKnownFileType = sourcecode.swift; path = ViewModel.swift; sourceTree = "<group>"; };
		DD31213C2663397A00DED97D /* Model.swift */ = {isa = PBXFileReference; lastKnownFileType = sourcecode.swift; path = Model.swift; sourceTree = "<group>"; };
		DD31214026633D3100DED97D /* ViewModelType.swift */ = {isa = PBXFileReference; lastKnownFileType = sourcecode.swift; path = ViewModelType.swift; sourceTree = "<group>"; };
		DD6BDAD42660F2410089D059 /* MVVM-Practice.app */ = {isa = PBXFileReference; explicitFileType = wrapper.application; includeInIndex = 0; path = "MVVM-Practice.app"; sourceTree = BUILT_PRODUCTS_DIR; };
		DD6BDAD72660F2410089D059 /* AppDelegate.swift */ = {isa = PBXFileReference; lastKnownFileType = sourcecode.swift; path = AppDelegate.swift; sourceTree = "<group>"; };
		DD6BDAD92660F2410089D059 /* SceneDelegate.swift */ = {isa = PBXFileReference; lastKnownFileType = sourcecode.swift; path = SceneDelegate.swift; sourceTree = "<group>"; };
		DD6BDADB2660F2410089D059 /* ViewController.swift */ = {isa = PBXFileReference; lastKnownFileType = sourcecode.swift; path = ViewController.swift; sourceTree = "<group>"; };
		DD6BDADE2660F2410089D059 /* Base */ = {isa = PBXFileReference; lastKnownFileType = file.storyboard; name = Base; path = Base.lproj/Main.storyboard; sourceTree = "<group>"; };
		DD6BDAE02660F2410089D059 /* Assets.xcassets */ = {isa = PBXFileReference; lastKnownFileType = folder.assetcatalog; path = Assets.xcassets; sourceTree = "<group>"; };
		DD6BDAE32660F2410089D059 /* Base */ = {isa = PBXFileReference; lastKnownFileType = file.storyboard; name = Base; path = Base.lproj/LaunchScreen.storyboard; sourceTree = "<group>"; };
		DD6BDAE52660F2410089D059 /* Info.plist */ = {isa = PBXFileReference; lastKnownFileType = text.plist.xml; path = Info.plist; sourceTree = "<group>"; };
/* End PBXFileReference section */

/* Begin PBXFrameworksBuildPhase section */
		DD6BDAD12660F2410089D059 /* Frameworks */ = {
			isa = PBXFrameworksBuildPhase;
			buildActionMask = 2147483647;
			files = (
				CB031206D20CA23887727A15 /* Pods_MVVM_Practice.framework in Frameworks */,
			);
			runOnlyForDeploymentPostprocessing = 0;
		};
/* End PBXFrameworksBuildPhase section */

/* Begin PBXGroup section */
		138AB548EA5B18DEDD44090F /* Pods */ = {
			isa = PBXGroup;
			children = (
				8F95CEDF5A321044A9FCDB77 /* Pods-MVVM-Practice.debug.xcconfig */,
				D5DE7C20460EECE8F8AB06E9 /* Pods-MVVM-Practice.release.xcconfig */,
			);
			name = Pods;
			path = Pods;
			sourceTree = "<group>";
		};
		B8ED2B2DAFC1FA25C67746C9 /* Frameworks */ = {
			isa = PBXGroup;
			children = (
				09F41E86EFF8C3F3DF4FF55E /* Pods_MVVM_Practice.framework */,
			);
			name = Frameworks;
			sourceTree = "<group>";
		};
		DD3121342663325A00DED97D /* View */ = {
			isa = PBXGroup;
			children = (
				DD6BDADB2660F2410089D059 /* ViewController.swift */,
			);
			path = View;
			sourceTree = "<group>";
		};
		DD3121362663326600DED97D /* ViewModel */ = {
			isa = PBXGroup;
			children = (
				DD3121382663397200DED97D /* ViewModel.swift */,
			);
			path = ViewModel;
			sourceTree = "<group>";
		};
		DD3121372663327200DED97D /* Model */ = {
			isa = PBXGroup;
			children = (
				DD31213C2663397A00DED97D /* Model.swift */,
			);
			path = Model;
			sourceTree = "<group>";
		};
		DD31213F26633D1C00DED97D /* Protocols */ = {
			isa = PBXGroup;
			children = (
				DD31214026633D3100DED97D /* ViewModelType.swift */,
			);
			path = Protocols;
			sourceTree = "<group>";
		};
		DD6BDACB2660F2410089D059 = {
			isa = PBXGroup;
			children = (
				DD6BDAD62660F2410089D059 /* MVVM-Practice */,
				DD6BDAD52660F2410089D059 /* Products */,
				138AB548EA5B18DEDD44090F /* Pods */,
				B8ED2B2DAFC1FA25C67746C9 /* Frameworks */,
			);
			sourceTree = "<group>";
		};
		DD6BDAD52660F2410089D059 /* Products */ = {
			isa = PBXGroup;
			children = (
				DD6BDAD42660F2410089D059 /* MVVM-Practice.app */,
			);
			name = Products;
			sourceTree = "<group>";
		};
		DD6BDAD62660F2410089D059 /* MVVM-Practice */ = {
			isa = PBXGroup;
			children = (
				DD31213F26633D1C00DED97D /* Protocols */,
				DD3121372663327200DED97D /* Model */,
				DD3121362663326600DED97D /* ViewModel */,
				DD3121342663325A00DED97D /* View */,
				DD6BDAD72660F2410089D059 /* AppDelegate.swift */,
				DD6BDAD92660F2410089D059 /* SceneDelegate.swift */,
				DD6BDADD2660F2410089D059 /* Main.storyboard */,
				DD6BDAE02660F2410089D059 /* Assets.xcassets */,
				DD6BDAE22660F2410089D059 /* LaunchScreen.storyboard */,
				DD6BDAE52660F2410089D059 /* Info.plist */,
			);
			path = "MVVM-Practice";
			sourceTree = "<group>";
		};
/* End PBXGroup section */

/* Begin PBXNativeTarget section */
		DD6BDAD32660F2410089D059 /* MVVM-Practice */ = {
			isa = PBXNativeTarget;
			buildConfigurationList = DD6BDAE82660F2410089D059 /* Build configuration list for PBXNativeTarget "MVVM-Practice" */;
			buildPhases = (
				6117A737709D7C3D761BAA1C /* [CP] Check Pods Manifest.lock */,
				DD6BDAD02660F2410089D059 /* Sources */,
				DD6BDAD12660F2410089D059 /* Frameworks */,
				DD6BDAD22660F2410089D059 /* Resources */,
				B6F96C2A2C66134BC8EE53F2 /* [CP] Embed Pods Frameworks */,
			);
			buildRules = (
			);
			dependencies = (
			);
			name = "MVVM-Practice";
			productName = "MVVM-Practice";
			productReference = DD6BDAD42660F2410089D059 /* MVVM-Practice.app */;
			productType = "com.apple.product-type.application";
		};
/* End PBXNativeTarget section */

/* Begin PBXProject section */
		DD6BDACC2660F2410089D059 /* Project object */ = {
			isa = PBXProject;
			attributes = {
				LastSwiftUpdateCheck = 1240;
				LastUpgradeCheck = 1240;
				TargetAttributes = {
					DD6BDAD32660F2410089D059 = {
						CreatedOnToolsVersion = 12.4;
					};
				};
			};
			buildConfigurationList = DD6BDACF2660F2410089D059 /* Build configuration list for PBXProject "MVVM-Practice" */;
			compatibilityVersion = "Xcode 9.3";
			developmentRegion = en;
			hasScannedForEncodings = 0;
			knownRegions = (
				en,
				Base,
			);
			mainGroup = DD6BDACB2660F2410089D059;
			productRefGroup = DD6BDAD52660F2410089D059 /* Products */;
			projectDirPath = "";
			projectRoot = "";
			targets = (
				DD6BDAD32660F2410089D059 /* MVVM-Practice */,
			);
		};
/* End PBXProject section */

/* Begin PBXResourcesBuildPhase section */
		DD6BDAD22660F2410089D059 /* Resources */ = {
			isa = PBXResourcesBuildPhase;
			buildActionMask = 2147483647;
			files = (
				DD6BDAE42660F2410089D059 /* LaunchScreen.storyboard in Resources */,
				DD6BDAE12660F2410089D059 /* Assets.xcassets in Resources */,
				DD6BDADF2660F2410089D059 /* Main.storyboard in Resources */,
			);
			runOnlyForDeploymentPostprocessing = 0;
		};
/* End PBXResourcesBuildPhase section */

/* Begin PBXShellScriptBuildPhase section */
		6117A737709D7C3D761BAA1C /* [CP] Check Pods Manifest.lock */ = {
			isa = PBXShellScriptBuildPhase;
			buildActionMask = 2147483647;
			files = (
			);
			inputFileListPaths = (
			);
			inputPaths = (
				"${PODS_PODFILE_DIR_PATH}/Podfile.lock",
				"${PODS_ROOT}/Manifest.lock",
			);
			name = "[CP] Check Pods Manifest.lock";
			outputFileListPaths = (
			);
			outputPaths = (
				"$(DERIVED_FILE_DIR)/Pods-MVVM-Practice-checkManifestLockResult.txt",
			);
			runOnlyForDeploymentPostprocessing = 0;
			shellPath = /bin/sh;
			shellScript = "diff \"${PODS_PODFILE_DIR_PATH}/Podfile.lock\" \"${PODS_ROOT}/Manifest.lock\" > /dev/null\nif [ $? != 0 ] ; then\n    # print error to STDERR\n    echo \"error: The sandbox is not in sync with the Podfile.lock. Run 'pod install' or update your CocoaPods installation.\" >&2\n    exit 1\nfi\n# This output is used by Xcode 'outputs' to avoid re-running this script phase.\necho \"SUCCESS\" > \"${SCRIPT_OUTPUT_FILE_0}\"\n";
			showEnvVarsInLog = 0;
		};
		B6F96C2A2C66134BC8EE53F2 /* [CP] Embed Pods Frameworks */ = {
			isa = PBXShellScriptBuildPhase;
			buildActionMask = 2147483647;
			files = (
			);
			inputFileListPaths = (
				"${PODS_ROOT}/Target Support Files/Pods-MVVM-Practice/Pods-MVVM-Practice-frameworks-${CONFIGURATION}-input-files.xcfilelist",
			);
			name = "[CP] Embed Pods Frameworks";
			outputFileListPaths = (
				"${PODS_ROOT}/Target Support Files/Pods-MVVM-Practice/Pods-MVVM-Practice-frameworks-${CONFIGURATION}-output-files.xcfilelist",
			);
			runOnlyForDeploymentPostprocessing = 0;
			shellPath = /bin/sh;
			shellScript = "\"${PODS_ROOT}/Target Support Files/Pods-MVVM-Practice/Pods-MVVM-Practice-frameworks.sh\"\n";
			showEnvVarsInLog = 0;
		};
/* End PBXShellScriptBuildPhase section */

/* Begin PBXSourcesBuildPhase section */
		DD6BDAD02660F2410089D059 /* Sources */ = {
			isa = PBXSourcesBuildPhase;
			buildActionMask = 2147483647;
			files = (
				DD31213D2663397A00DED97D /* Model.swift in Sources */,
				DD6BDADC2660F2410089D059 /* ViewController.swift in Sources */,
				DD31214126633D3100DED97D /* ViewModelType.swift in Sources */,
				DD6BDAD82660F2410089D059 /* AppDelegate.swift in Sources */,
				DD3121392663397200DED97D /* ViewModel.swift in Sources */,
				DD6BDADA2660F2410089D059 /* SceneDelegate.swift in Sources */,
			);
			runOnlyForDeploymentPostprocessing = 0;
		};
/* End PBXSourcesBuildPhase section */

/* Begin PBXVariantGroup section */
		DD6BDADD2660F2410089D059 /* Main.storyboard */ = {
			isa = PBXVariantGroup;
			children = (
				DD6BDADE2660F2410089D059 /* Base */,
			);
			name = Main.storyboard;
			sourceTree = "<group>";
		};
		DD6BDAE22660F2410089D059 /* LaunchScreen.storyboard */ = {
			isa = PBXVariantGroup;
			children = (
				DD6BDAE32660F2410089D059 /* Base */,
			);
			name = LaunchScreen.storyboard;
			sourceTree = "<group>";
		};
/* End PBXVariantGroup section */

/* Begin XCBuildConfiguration section */
		DD6BDAE62660F2410089D059 /* Debug */ = {
			isa = XCBuildConfiguration;
			buildSettings = {
				ALWAYS_SEARCH_USER_PATHS = NO;
				CLANG_ANALYZER_NONNULL = YES;
				CLANG_ANALYZER_NUMBER_OBJECT_CONVERSION = YES_AGGRESSIVE;
				CLANG_CXX_LANGUAGE_STANDARD = "gnu++14";
				CLANG_CXX_LIBRARY = "libc++";
				CLANG_ENABLE_MODULES = YES;
				CLANG_ENABLE_OBJC_ARC = YES;
				CLANG_ENABLE_OBJC_WEAK = YES;
				CLANG_WARN_BLOCK_CAPTURE_AUTORELEASING = YES;
				CLANG_WARN_BOOL_CONVERSION = YES;
				CLANG_WARN_COMMA = YES;
				CLANG_WARN_CONSTANT_CONVERSION = YES;
				CLANG_WARN_DEPRECATED_OBJC_IMPLEMENTATIONS = YES;
				CLANG_WARN_DIRECT_OBJC_ISA_USAGE = YES_ERROR;
				CLANG_WARN_DOCUMENTATION_COMMENTS = YES;
				CLANG_WARN_EMPTY_BODY = YES;
				CLANG_WARN_ENUM_CONVERSION = YES;
				CLANG_WARN_INFINITE_RECURSION = YES;
				CLANG_WARN_INT_CONVERSION = YES;
				CLANG_WARN_NON_LITERAL_NULL_CONVERSION = YES;
				CLANG_WARN_OBJC_IMPLICIT_RETAIN_SELF = YES;
				CLANG_WARN_OBJC_LITERAL_CONVERSION = YES;
				CLANG_WARN_OBJC_ROOT_CLASS = YES_ERROR;
				CLANG_WARN_QUOTED_INCLUDE_IN_FRAMEWORK_HEADER = YES;
				CLANG_WARN_RANGE_LOOP_ANALYSIS = YES;
				CLANG_WARN_STRICT_PROTOTYPES = YES;
				CLANG_WARN_SUSPICIOUS_MOVE = YES;
				CLANG_WARN_UNGUARDED_AVAILABILITY = YES_AGGRESSIVE;
				CLANG_WARN_UNREACHABLE_CODE = YES;
				CLANG_WARN__DUPLICATE_METHOD_MATCH = YES;
				COPY_PHASE_STRIP = NO;
				DEBUG_INFORMATION_FORMAT = dwarf;
				ENABLE_STRICT_OBJC_MSGSEND = YES;
				ENABLE_TESTABILITY = YES;
				GCC_C_LANGUAGE_STANDARD = gnu11;
				GCC_DYNAMIC_NO_PIC = NO;
				GCC_NO_COMMON_BLOCKS = YES;
				GCC_OPTIMIZATION_LEVEL = 0;
				GCC_PREPROCESSOR_DEFINITIONS = (
					"DEBUG=1",
					"$(inherited)",
				);
				GCC_WARN_64_TO_32_BIT_CONVERSION = YES;
				GCC_WARN_ABOUT_RETURN_TYPE = YES_ERROR;
				GCC_WARN_UNDECLARED_SELECTOR = YES;
				GCC_WARN_UNINITIALIZED_AUTOS = YES_AGGRESSIVE;
				GCC_WARN_UNUSED_FUNCTION = YES;
				GCC_WARN_UNUSED_VARIABLE = YES;
				IPHONEOS_DEPLOYMENT_TARGET = 14.4;
				MTL_ENABLE_DEBUG_INFO = INCLUDE_SOURCE;
				MTL_FAST_MATH = YES;
				ONLY_ACTIVE_ARCH = YES;
				SDKROOT = iphoneos;
				SWIFT_ACTIVE_COMPILATION_CONDITIONS = DEBUG;
				SWIFT_OPTIMIZATION_LEVEL = "-Onone";
			};
			name = Debug;
		};
		DD6BDAE72660F2410089D059 /* Release */ = {
			isa = XCBuildConfiguration;
			buildSettings = {
				ALWAYS_SEARCH_USER_PATHS = NO;
				CLANG_ANALYZER_NONNULL = YES;
				CLANG_ANALYZER_NUMBER_OBJECT_CONVERSION = YES_AGGRESSIVE;
				CLANG_CXX_LANGUAGE_STANDARD = "gnu++14";
				CLANG_CXX_LIBRARY = "libc++";
				CLANG_ENABLE_MODULES = YES;
				CLANG_ENABLE_OBJC_ARC = YES;
				CLANG_ENABLE_OBJC_WEAK = YES;
				CLANG_WARN_BLOCK_CAPTURE_AUTORELEASING = YES;
				CLANG_WARN_BOOL_CONVERSION = YES;
				CLANG_WARN_COMMA = YES;
				CLANG_WARN_CONSTANT_CONVERSION = YES;
				CLANG_WARN_DEPRECATED_OBJC_IMPLEMENTATIONS = YES;
				CLANG_WARN_DIRECT_OBJC_ISA_USAGE = YES_ERROR;
				CLANG_WARN_DOCUMENTATION_COMMENTS = YES;
				CLANG_WARN_EMPTY_BODY = YES;
				CLANG_WARN_ENUM_CONVERSION = YES;
				CLANG_WARN_INFINITE_RECURSION = YES;
				CLANG_WARN_INT_CONVERSION = YES;
				CLANG_WARN_NON_LITERAL_NULL_CONVERSION = YES;
				CLANG_WARN_OBJC_IMPLICIT_RETAIN_SELF = YES;
				CLANG_WARN_OBJC_LITERAL_CONVERSION = YES;
				CLANG_WARN_OBJC_ROOT_CLASS = YES_ERROR;
				CLANG_WARN_QUOTED_INCLUDE_IN_FRAMEWORK_HEADER = YES;
				CLANG_WARN_RANGE_LOOP_ANALYSIS = YES;
				CLANG_WARN_STRICT_PROTOTYPES = YES;
				CLANG_WARN_SUSPICIOUS_MOVE = YES;
				CLANG_WARN_UNGUARDED_AVAILABILITY = YES_AGGRESSIVE;
				CLANG_WARN_UNREACHABLE_CODE = YES;
				CLANG_WARN__DUPLICATE_METHOD_MATCH = YES;
				COPY_PHASE_STRIP = NO;
				DEBUG_INFORMATION_FORMAT = "dwarf-with-dsym";
				ENABLE_NS_ASSERTIONS = NO;
				ENABLE_STRICT_OBJC_MSGSEND = YES;
				GCC_C_LANGUAGE_STANDARD = gnu11;
				GCC_NO_COMMON_BLOCKS = YES;
				GCC_WARN_64_TO_32_BIT_CONVERSION = YES;
				GCC_WARN_ABOUT_RETURN_TYPE = YES_ERROR;
				GCC_WARN_UNDECLARED_SELECTOR = YES;
				GCC_WARN_UNINITIALIZED_AUTOS = YES_AGGRESSIVE;
				GCC_WARN_UNUSED_FUNCTION = YES;
				GCC_WARN_UNUSED_VARIABLE = YES;
				IPHONEOS_DEPLOYMENT_TARGET = 14.4;
				MTL_ENABLE_DEBUG_INFO = NO;
				MTL_FAST_MATH = YES;
				SDKROOT = iphoneos;
				SWIFT_COMPILATION_MODE = wholemodule;
				SWIFT_OPTIMIZATION_LEVEL = "-O";
				VALIDATE_PRODUCT = YES;
			};
			name = Release;
		};
		DD6BDAE92660F2410089D059 /* Debug */ = {
			isa = XCBuildConfiguration;
			baseConfigurationReference = 8F95CEDF5A321044A9FCDB77 /* Pods-MVVM-Practice.debug.xcconfig */;
			buildSettings = {
				ASSETCATALOG_COMPILER_APPICON_NAME = AppIcon;
				ASSETCATALOG_COMPILER_GLOBAL_ACCENT_COLOR_NAME = AccentColor;
				CODE_SIGN_STYLE = Automatic;
				INFOPLIST_FILE = "MVVM-Practice/Info.plist";
				LD_RUNPATH_SEARCH_PATHS = (
					"$(inherited)",
					"@executable_path/Frameworks",
				);
				PRODUCT_BUNDLE_IDENTIFIER = "com.ezidayzi.MVVM-Practice";
				PRODUCT_NAME = "$(TARGET_NAME)";
				SWIFT_VERSION = 5.0;
				TARGETED_DEVICE_FAMILY = "1,2";
			};
			name = Debug;
		};
		DD6BDAEA2660F2410089D059 /* Release */ = {
			isa = XCBuildConfiguration;
			baseConfigurationReference = D5DE7C20460EECE8F8AB06E9 /* Pods-MVVM-Practice.release.xcconfig */;
			buildSettings = {
				ASSETCATALOG_COMPILER_APPICON_NAME = AppIcon;
				ASSETCATALOG_COMPILER_GLOBAL_ACCENT_COLOR_NAME = AccentColor;
				CODE_SIGN_STYLE = Automatic;
				INFOPLIST_FILE = "MVVM-Practice/Info.plist";
				LD_RUNPATH_SEARCH_PATHS = (
					"$(inherited)",
					"@executable_path/Frameworks",
				);
				PRODUCT_BUNDLE_IDENTIFIER = "com.ezidayzi.MVVM-Practice";
				PRODUCT_NAME = "$(TARGET_NAME)";
				SWIFT_VERSION = 5.0;
				TARGETED_DEVICE_FAMILY = "1,2";
			};
			name = Release;
		};
/* End XCBuildConfiguration section */

/* Begin XCConfigurationList section */
		DD6BDACF2660F2410089D059 /* Build configuration list for PBXProject "MVVM-Practice" */ = {
			isa = XCConfigurationList;
			buildConfigurations = (
				DD6BDAE62660F2410089D059 /* Debug */,
				DD6BDAE72660F2410089D059 /* Release */,
			);
			defaultConfigurationIsVisible = 0;
			defaultConfigurationName = Release;
		};
		DD6BDAE82660F2410089D059 /* Build configuration list for PBXNativeTarget "MVVM-Practice" */ = {
			isa = XCConfigurationList;
			buildConfigurations = (
				DD6BDAE92660F2410089D059 /* Debug */,
				DD6BDAEA2660F2410089D059 /* Release */,
			);
			defaultConfigurationIsVisible = 0;
			defaultConfigurationName = Release;
		};
/* End XCConfigurationList section */
	};
	rootObject = DD6BDACC2660F2410089D059 /* Project object */;
}
